
Microsoft Visual Studio Solution File, Format Version 12.00
# Visual Studio Version 16
VisualStudioVersion = 16.0.32002.261
MinimumVisualStudioVersion = 10.0.40219.1
Project("{9A19103F-16F7-4668-BE54-9A1E7A4F7556}") = "Mission7", "Mission7\Mission7.csproj", "{2D1679AE-C05F-46E5-88BC-2741E88CBBCF}"
EndProject
Global
	GlobalSection(SolutionConfigurationPlatforms) = preSolution
		Debug|Any CPU = Debug|Any CPU
		Release|Any CPU = Release|Any CPU
	EndGlobalSection
	GlobalSection(ProjectConfigurationPlatforms) = postSolution
		{2D1679AE-C05F-46E5-88BC-2741E88CBBCF}.Debug|Any CPU.ActiveCfg = Debug|Any CPU
		{2D1679AE-C05F-46E5-88BC-2741E88CBBCF}.Debug|Any CPU.Build.0 = Debug|Any CPU
		{2D1679AE-C05F-46E5-88BC-2741E88CBBCF}.Release|Any CPU.ActiveCfg = Release|Any CPU
		{2D1679AE-C05F-46E5-88BC-2741E88CBBCF}.Release|Any CPU.Build.0 = Release|Any CPU
	EndGlobalSection
	GlobalSection(SolutionProperties) = preSolution
		HideSolutionNode = FALSE
	EndGlobalSection
	GlobalSection(ExtensibilityGlobals) = postSolution
		SolutionGuid = {32FB0E24-F2C9-46D3-8993-771C61E7E518}
	EndGlobalSection
EndGlobal
